// !$*UTF8*$!
{
	archiveVersion = 1;
	classes = {
	};
	objectVersion = 50;
	objects = {

/* Begin PBXBuildFile section */
		C6B49F182179EBF700C67BDB /* AppDelegate.swift in Sources */ = {isa = PBXBuildFile; fileRef = C6B49F172179EBF700C67BDB /* AppDelegate.swift */; };
		C6B49F1A2179EBF700C67BDB /* ViewController.swift in Sources */ = {isa = PBXBuildFile; fileRef = C6B49F192179EBF700C67BDB /* ViewController.swift */; };
		C6B49F1D2179EBF700C67BDB /* Main.storyboard in Resources */ = {isa = PBXBuildFile; fileRef = C6B49F1B2179EBF700C67BDB /* Main.storyboard */; };
		C6B49F1F2179EBF800C67BDB /* Assets.xcassets in Resources */ = {isa = PBXBuildFile; fileRef = C6B49F1E2179EBF800C67BDB /* Assets.xcassets */; };
		C6B49F222179EBF800C67BDB /* LaunchScreen.storyboard in Resources */ = {isa = PBXBuildFile; fileRef = C6B49F202179EBF800C67BDB /* LaunchScreen.storyboard */; };
		C6B49F2D2179EBF800C67BDB /* CountTests.swift in Sources */ = {isa = PBXBuildFile; fileRef = C6B49F2C2179EBF800C67BDB /* CountTests.swift */; };
		C6B49F382179EBF800C67BDB /* CountUITests.swift in Sources */ = {isa = PBXBuildFile; fileRef = C6B49F372179EBF800C67BDB /* CountUITests.swift */; };
		C6B49F462179ED8A00C67BDB /* haikei.png in Resources */ = {isa = PBXBuildFile; fileRef = C6B49F452179ED8A00C67BDB /* haikei.png */; };
/* End PBXBuildFile section */

/* Begin PBXContainerItemProxy section */
		C6B49F292179EBF800C67BDB /* PBXContainerItemProxy */ = {
			isa = PBXContainerItemProxy;
			containerPortal = C6B49F0C2179EBF700C67BDB /* Project object */;
			proxyType = 1;
			remoteGlobalIDString = C6B49F132179EBF700C67BDB;
			remoteInfo = Count;
		};
		C6B49F342179EBF800C67BDB /* PBXContainerItemProxy */ = {
			isa = PBXContainerItemProxy;
			containerPortal = C6B49F0C2179EBF700C67BDB /* Project object */;
			proxyType = 1;
			remoteGlobalIDString = C6B49F132179EBF700C67BDB;
			remoteInfo = Count;
		};
/* End PBXContainerItemProxy section */

/* Begin PBXFileReference section */
		C6B49F142179EBF700C67BDB /* Count.app */ = {isa = PBXFileReference; explicitFileType = wrapper.application; includeInIndex = 0; path = Count.app; sourceTree = BUILT_PRODUCTS_DIR; };
		C6B49F172179EBF700C67BDB /* AppDelegate.swift */ = {isa = PBXFileReference; lastKnownFileType = sourcecode.swift; path = AppDelegate.swift; sourceTree = "<group>"; };
		C6B49F192179EBF700C67BDB /* ViewController.swift */ = {isa = PBXFileReference; lastKnownFileType = sourcecode.swift; path = ViewController.swift; sourceTree = "<group>"; };
		C6B49F1C2179EBF700C67BDB /* Base */ = {isa = PBXFileReference; lastKnownFileType = file.storyboard; name = Base; path = Base.lproj/Main.storyboard; sourceTree = "<group>"; };
		C6B49F1E2179EBF800C67BDB /* Assets.xcassets */ = {isa = PBXFileReference; lastKnownFileType = folder.assetcatalog; path = Assets.xcassets; sourceTree = "<group>"; };
		C6B49F212179EBF800C67BDB /* Base */ = {isa = PBXFileReference; lastKnownFileType = file.storyboard; name = Base; path = Base.lproj/LaunchScreen.storyboard; sourceTree = "<group>"; };
		C6B49F232179EBF800C67BDB /* Info.plist */ = {isa = PBXFileReference; lastKnownFileType = text.plist.xml; path = Info.plist; sourceTree = "<group>"; };
		C6B49F282179EBF800C67BDB /* CountTests.xctest */ = {isa = PBXFileReference; explicitFileType = wrapper.cfbundle; includeInIndex = 0; path = CountTests.xctest; sourceTree = BUILT_PRODUCTS_DIR; };
		C6B49F2C2179EBF800C67BDB /* CountTests.swift */ = {isa = PBXFileReference; lastKnownFileType = sourcecode.swift; path = CountTests.swift; sourceTree = "<group>"; };
		C6B49F2E2179EBF800C67BDB /* Info.plist */ = {isa = PBXFileReference; lastKnownFileType = text.plist.xml; path = Info.plist; sourceTree = "<group>"; };
		C6B49F332179EBF800C67BDB /* CountUITests.xctest */ = {isa = PBXFileReference; explicitFileType = wrapper.cfbundle; includeInIndex = 0; path = CountUITests.xctest; sourceTree = BUILT_PRODUCTS_DIR; };
		C6B49F372179EBF800C67BDB /* CountUITests.swift */ = {isa = PBXFileReference; lastKnownFileType = sourcecode.swift; path = CountUITests.swift; sourceTree = "<group>"; };
		C6B49F392179EBF800C67BDB /* Info.plist */ = {isa = PBXFileReference; lastKnownFileType = text.plist.xml; path = Info.plist; sourceTree = "<group>"; };
		C6B49F452179ED8A00C67BDB /* haikei.png */ = {isa = PBXFileReference; lastKnownFileType = image.png; path = haikei.png; sourceTree = "<group>"; };
/* End PBXFileReference section */

/* Begin PBXFrameworksBuildPhase section */
		C6B49F112179EBF700C67BDB /* Frameworks */ = {
			isa = PBXFrameworksBuildPhase;
			buildActionMask = 2147483647;
			files = (
			);
			runOnlyForDeploymentPostprocessing = 0;
		};
		C6B49F252179EBF800C67BDB /* Frameworks */ = {
			isa = PBXFrameworksBuildPhase;
			buildActionMask = 2147483647;
			files = (
			);
			runOnlyForDeploymentPostprocessing = 0;
		};
		C6B49F302179EBF800C67BDB /* Frameworks */ = {
			isa = PBXFrameworksBuildPhase;
			buildActionMask = 2147483647;
			files = (
			);
			runOnlyForDeploymentPostprocessing = 0;
		};
/* End PBXFrameworksBuildPhase section */

/* Begin PBXGroup section */
		C6B49F0B2179EBF700C67BDB = {
			isa = PBXGroup;
			children = (
				C6B49F162179EBF700C67BDB /* Count */,
				C6B49F2B2179EBF800C67BDB /* CountTests */,
				C6B49F362179EBF800C67BDB /* CountUITests */,
				C6B49F152179EBF700C67BDB /* Products */,
			);
			sourceTree = "<group>";
		};
		C6B49F152179EBF700C67BDB /* Products */ = {
			isa = PBXGroup;
			children = (
				C6B49F142179EBF700C67BDB /* Count.app */,
				C6B49F282179EBF800C67BDB /* CountTests.xctest */,
				C6B49F332179EBF800C67BDB /* CountUITests.xctest */,
			);
			name = Products;
			sourceTree = "<group>";
		};
		C6B49F162179EBF700C67BDB /* Count */ = {
			isa = PBXGroup;
			children = (
				C6B49F452179ED8A00C67BDB /* haikei.png */,
				C6B49F172179EBF700C67BDB /* AppDelegate.swift */,
				C6B49F192179EBF700C67BDB /* ViewController.swift */,
				C6B49F1B2179EBF700C67BDB /* Main.storyboard */,
				C6B49F1E2179EBF800C67BDB /* Assets.xcassets */,
				C6B49F202179EBF800C67BDB /* LaunchScreen.storyboard */,
				C6B49F232179EBF800C67BDB /* Info.plist */,
			);
			path = Count;
			sourceTree = "<group>";
		};
		C6B49F2B2179EBF800C67BDB /* CountTests */ = {
			isa = PBXGroup;
			children = (
				C6B49F2C2179EBF800C67BDB /* CountTests.swift */,
				C6B49F2E2179EBF800C67BDB /* Info.plist */,
			);
			path = CountTests;
			sourceTree = "<group>";
		};
		C6B49F362179EBF800C67BDB /* CountUITests */ = {
			isa = PBXGroup;
			children = (
				C6B49F372179EBF800C67BDB /* CountUITests.swift */,
				C6B49F392179EBF800C67BDB /* Info.plist */,
			);
			path = CountUITests;
			sourceTree = "<group>";
		};
/* End PBXGroup section */

/* Begin PBXNativeTarget section */
		C6B49F132179EBF700C67BDB /* Count */ = {
			isa = PBXNativeTarget;
			buildConfigurationList = C6B49F3C2179EBF800C67BDB /* Build configuration list for PBXNativeTarget "Count" */;
			buildPhases = (
				C6B49F102179EBF700C67BDB /* Sources */,
				C6B49F112179EBF700C67BDB /* Frameworks */,
				C6B49F122179EBF700C67BDB /* Resources */,
			);
			buildRules = (
			);
			dependencies = (
			);
			name = Count;
			productName = Count;
			productReference = C6B49F142179EBF700C67BDB /* Count.app */;
			productType = "com.apple.product-type.application";
		};
		C6B49F272179EBF800C67BDB /* CountTests */ = {
			isa = PBXNativeTarget;
			buildConfigurationList = C6B49F3F2179EBF800C67BDB /* Build configuration list for PBXNativeTarget "CountTests" */;
			buildPhases = (
				C6B49F242179EBF800C67BDB /* Sources */,
				C6B49F252179EBF800C67BDB /* Frameworks */,
				C6B49F262179EBF800C67BDB /* Resources */,
			);
			buildRules = (
			);
			dependencies = (
				C6B49F2A2179EBF800C67BDB /* PBXTargetDependency */,
			);
			name = CountTests;
			productName = CountTests;
			productReference = C6B49F282179EBF800C67BDB /* CountTests.xctest */;
			productType = "com.apple.product-type.bundle.unit-test";
		};
		C6B49F322179EBF800C67BDB /* CountUITests */ = {
			isa = PBXNativeTarget;
			buildConfigurationList = C6B49F422179EBF800C67BDB /* Build configuration list for PBXNativeTarget "CountUITests" */;
			buildPhases = (
				C6B49F2F2179EBF800C67BDB /* Sources */,
				C6B49F302179EBF800C67BDB /* Frameworks */,
				C6B49F312179EBF800C67BDB /* Resources */,
			);
			buildRules = (
			);
			dependencies = (
				C6B49F352179EBF800C67BDB /* PBXTargetDependency */,
			);
			name = CountUITests;
			productName = CountUITests;
			productReference = C6B49F332179EBF800C67BDB /* CountUITests.xctest */;
			productType = "com.apple.product-type.bundle.ui-testing";
		};
/* End PBXNativeTarget section */

/* Begin PBXProject section */
		C6B49F0C2179EBF700C67BDB /* Project object */ = {
			isa = PBXProject;
			attributes = {
				LastSwiftUpdateCheck = 1000;
				LastUpgradeCheck = 1000;
				ORGANIZATIONNAME = com.litech;
				TargetAttributes = {
					C6B49F132179EBF700C67BDB = {
						CreatedOnToolsVersion = 10.0;
					};
					C6B49F272179EBF800C67BDB = {
						CreatedOnToolsVersion = 10.0;
						TestTargetID = C6B49F132179EBF700C67BDB;
					};
					C6B49F322179EBF800C67BDB = {
						CreatedOnToolsVersion = 10.0;
						TestTargetID = C6B49F132179EBF700C67BDB;
					};
				};
			};
			buildConfigurationList = C6B49F0F2179EBF700C67BDB /* Build configuration list for PBXProject "Count" */;
			compatibilityVersion = "Xcode 9.3";
			developmentRegion = en;
			hasScannedForEncodings = 0;
			knownRegions = (
				en,
				Base,
			);
			mainGroup = C6B49F0B2179EBF700C67BDB;
			productRefGroup = C6B49F152179EBF700C67BDB /* Products */;
			projectDirPath = "";
			projectRoot = "";
			targets = (
				C6B49F132179EBF700C67BDB /* Count */,
				C6B49F272179EBF800C67BDB /* CountTests */,
				C6B49F322179EBF800C67BDB /* CountUITests */,
			);
		};
/* End PBXProject section */

/* Begin PBXResourcesBuildPhase section */
		C6B49F122179EBF700C67BDB /* Resources */ = {
			isa = PBXResourcesBuildPhase;
			buildActionMask = 2147483647;
			files = (
				C6B49F462179ED8A00C67BDB /* haikei.png in Resources */,
				C6B49F222179EBF800C67BDB /* LaunchScreen.storyboard in Resources */,
				C6B49F1F2179EBF800C67BDB /* Assets.xcassets in Resources */,
				C6B49F1D2179EBF700C67BDB /* Main.storyboard in Resources */,
			);
			runOnlyForDeploymentPostprocessing = 0;
		};
		C6B49F262179EBF800C67BDB /* Resources */ = {
			isa = PBXResourcesBuildPhase;
			buildActionMask = 2147483647;
			files = (
			);
			runOnlyForDeploymentPostprocessing = 0;
		};
		C6B49F312179EBF800C67BDB /* Resources */ = {
			isa = PBXResourcesBuildPhase;
			buildActionMask = 2147483647;
			files = (
			);
			runOnlyForDeploymentPostprocessing = 0;
		};
/* End PBXResourcesBuildPhase section */

/* Begin PBXSourcesBuildPhase section */
		C6B49F102179EBF700C67BDB /* Sources */ = {
			isa = PBXSourcesBuildPhase;
			buildActionMask = 2147483647;
			files = (
				C6B49F1A2179EBF700C67BDB /* ViewController.swift in Sources */,
				C6B49F182179EBF700C67BDB /* AppDelegate.swift in Sources */,
			);
			runOnlyForDeploymentPostprocessing = 0;
		};
		C6B49F242179EBF800C67BDB /* Sources */ = {
			isa = PBXSourcesBuildPhase;
			buildActionMask = 2147483647;
			files = (
				C6B49F2D2179EBF800C67BDB /* CountTests.swift in Sources */,
			);
			runOnlyForDeploymentPostprocessing = 0;
		};
		C6B49F2F2179EBF800C67BDB /* Sources */ = {
			isa = PBXSourcesBuildPhase;
			buildActionMask = 2147483647;
			files = (
				C6B49F382179EBF800C67BDB /* CountUITests.swift in Sources */,
			);
			runOnlyForDeploymentPostprocessing = 0;
		};
/* End PBXSourcesBuildPhase section */

/* Begin PBXTargetDependency section */
		C6B49F2A2179EBF800C67BDB /* PBXTargetDependency */ = {
			isa = PBXTargetDependency;
			target = C6B49F132179EBF700C67BDB /* Count */;
			targetProxy = C6B49F292179EBF800C67BDB /* PBXContainerItemProxy */;
		};
		C6B49F352179EBF800C67BDB /* PBXTargetDependency */ = {
			isa = PBXTargetDependency;
			target = C6B49F132179EBF700C67BDB /* Count */;
			targetProxy = C6B49F342179EBF800C67BDB /* PBXContainerItemProxy */;
		};
/* End PBXTargetDependency section */

/* Begin PBXVariantGroup section */
		C6B49F1B2179EBF700C67BDB /* Main.storyboard */ = {
			isa = PBXVariantGroup;
			children = (
				C6B49F1C2179EBF700C67BDB /* Base */,
			);
			name = Main.storyboard;
			sourceTree = "<group>";
		};
		C6B49F202179EBF800C67BDB /* LaunchScreen.storyboard */ = {
			isa = PBXVariantGroup;
			children = (
				C6B49F212179EBF800C67BDB /* Base */,
			);
			name = LaunchScreen.storyboard;
			sourceTree = "<group>";
		};
/* End PBXVariantGroup section */

/* Begin XCBuildConfiguration section */
		C6B49F3A2179EBF800C67BDB /* Debug */ = {
			isa = XCBuildConfiguration;
			buildSettings = {
				ALWAYS_SEARCH_USER_PATHS = NO;
				CLANG_ANALYZER_NONNULL = YES;
				CLANG_ANALYZER_NUMBER_OBJECT_CONVERSION = YES_AGGRESSIVE;
				CLANG_CXX_LANGUAGE_STANDARD = "gnu++14";
				CLANG_CXX_LIBRARY = "libc++";
				CLANG_ENABLE_MODULES = YES;
				CLANG_ENABLE_OBJC_ARC = YES;
				CLANG_ENABLE_OBJC_WEAK = YES;
				CLANG_WARN_BLOCK_CAPTURE_AUTORELEASING = YES;
				CLANG_WARN_BOOL_CONVERSION = YES;
				CLANG_WARN_COMMA = YES;
				CLANG_WARN_CONSTANT_CONVERSION = YES;
				CLANG_WARN_DEPRECATED_OBJC_IMPLEMENTATIONS = YES;
				CLANG_WARN_DIRECT_OBJC_ISA_USAGE = YES_ERROR;
				CLANG_WARN_DOCUMENTATION_COMMENTS = YES;
				CLANG_WARN_EMPTY_BODY = YES;
				CLANG_WARN_ENUM_CONVERSION = YES;
				CLANG_WARN_INFINITE_RECURSION = YES;
				CLANG_WARN_INT_CONVERSION = YES;
				CLANG_WARN_NON_LITERAL_NULL_CONVERSION = YES;
				CLANG_WARN_OBJC_IMPLICIT_RETAIN_SELF = YES;
				CLANG_WARN_OBJC_LITERAL_CONVERSION = YES;
				CLANG_WARN_OBJC_ROOT_CLASS = YES_ERROR;
				CLANG_WARN_RANGE_LOOP_ANALYSIS = YES;
				CLANG_WARN_STRICT_PROTOTYPES = YES;
				CLANG_WARN_SUSPICIOUS_MOVE = YES;
				CLANG_WARN_UNGUARDED_AVAILABILITY = YES_AGGRESSIVE;
				CLANG_WARN_UNREACHABLE_CODE = YES;
				CLANG_WARN__DUPLICATE_METHOD_MATCH = YES;
				CODE_SIGN_IDENTITY = "iPhone Developer";
				COPY_PHASE_STRIP = NO;
				DEBUG_INFORMATION_FORMAT = dwarf;
				ENABLE_STRICT_OBJC_MSGSEND = YES;
				ENABLE_TESTABILITY = YES;
				GCC_C_LANGUAGE_STANDARD = gnu11;
				GCC_DYNAMIC_NO_PIC = NO;
				GCC_NO_COMMON_BLOCKS = YES;
				GCC_OPTIMIZATION_LEVEL = 0;
				GCC_PREPROCESSOR_DEFINITIONS = (
					"DEBUG=1",
					"$(inherited)",
				);
				GCC_WARN_64_TO_32_BIT_CONVERSION = YES;
				GCC_WARN_ABOUT_RETURN_TYPE = YES_ERROR;
				GCC_WARN_UNDECLARED_SELECTOR = YES;
				GCC_WARN_UNINITIALIZED_AUTOS = YES_AGGRESSIVE;
				GCC_WARN_UNUSED_FUNCTION = YES;
				GCC_WARN_UNUSED_VARIABLE = YES;
				IPHONEOS_DEPLOYMENT_TARGET = 12.0;
				MTL_ENABLE_DEBUG_INFO = INCLUDE_SOURCE;
				MTL_FAST_MATH = YES;
				ONLY_ACTIVE_ARCH = YES;
				SDKROOT = iphoneos;
				SWIFT_ACTIVE_COMPILATION_CONDITIONS = DEBUG;
				SWIFT_OPTIMIZATION_LEVEL = "-Onone";
			};
			name = Debug;
		};
		C6B49F3B2179EBF800C67BDB /* Release */ = {
			isa = XCBuildConfiguration;
			buildSettings = {
				ALWAYS_SEARCH_USER_PATHS = NO;
				CLANG_ANALYZER_NONNULL = YES;
				CLANG_ANALYZER_NUMBER_OBJECT_CONVERSION = YES_AGGRESSIVE;
				CLANG_CXX_LANGUAGE_STANDARD = "gnu++14";
				CLANG_CXX_LIBRARY = "libc++";
				CLANG_ENABLE_MODULES = YES;
				CLANG_ENABLE_OBJC_ARC = YES;
				CLANG_ENABLE_OBJC_WEAK = YES;
				CLANG_WARN_BLOCK_CAPTURE_AUTORELEASING = YES;
				CLANG_WARN_BOOL_CONVERSION = YES;
				CLANG_WARN_COMMA = YES;
				CLANG_WARN_CONSTANT_CONVERSION = YES;
				CLANG_WARN_DEPRECATED_OBJC_IMPLEMENTATIONS = YES;
				CLANG_WARN_DIRECT_OBJC_ISA_USAGE = YES_ERROR;
				CLANG_WARN_DOCUMENTATION_COMMENTS = YES;
				CLANG_WARN_EMPTY_BODY = YES;
				CLANG_WARN_ENUM_CONVERSION = YES;
				CLANG_WARN_INFINITE_RECURSION = YES;
				CLANG_WARN_INT_CONVERSION = YES;
				CLANG_WARN_NON_LITERAL_NULL_CONVERSION = YES;
				CLANG_WARN_OBJC_IMPLICIT_RETAIN_SELF = YES;
				CLANG_WARN_OBJC_LITERAL_CONVERSION = YES;
				CLANG_WARN_OBJC_ROOT_CLASS = YES_ERROR;
				CLANG_WARN_RANGE_LOOP_ANALYSIS = YES;
				CLANG_WARN_STRICT_PROTOTYPES = YES;
				CLANG_WARN_SUSPICIOUS_MOVE = YES;
				CLANG_WARN_UNGUARDED_AVAILABILITY = YES_AGGRESSIVE;
				CLANG_WARN_UNREACHABLE_CODE = YES;
				CLANG_WARN__DUPLICATE_METHOD_MATCH = YES;
				CODE_SIGN_IDENTITY = "iPhone Developer";
				COPY_PHASE_STRIP = NO;
				DEBUG_INFORMATION_FORMAT = "dwarf-with-dsym";
				ENABLE_NS_ASSERTIONS = NO;
				ENABLE_STRICT_OBJC_MSGSEND = YES;
				GCC_C_LANGUAGE_STANDARD = gnu11;
				GCC_NO_COMMON_BLOCKS = YES;
				GCC_WARN_64_TO_32_BIT_CONVERSION = YES;
				GCC_WARN_ABOUT_RETURN_TYPE = YES_ERROR;
				GCC_WARN_UNDECLARED_SELECTOR = YES;
				GCC_WARN_UNINITIALIZED_AUTOS = YES_AGGRESSIVE;
				GCC_WARN_UNUSED_FUNCTION = YES;
				GCC_WARN_UNUSED_VARIABLE = YES;
				IPHONEOS_DEPLOYMENT_TARGET = 12.0;
				MTL_ENABLE_DEBUG_INFO = NO;
				MTL_FAST_MATH = YES;
				SDKROOT = iphoneos;
				SWIFT_COMPILATION_MODE = wholemodule;
				SWIFT_OPTIMIZATION_LEVEL = "-O";
				VALIDATE_PRODUCT = YES;
			};
			name = Release;
		};
		C6B49F3D2179EBF800C67BDB /* Debug */ = {
			isa = XCBuildConfiguration;
			buildSettings = {
				ASSETCATALOG_COMPILER_APPICON_NAME = AppIcon;
				CODE_SIGN_STYLE = Automatic;
				DEVELOPMENT_TEAM = "";
				INFOPLIST_FILE = Count/Info.plist;
				LD_RUNPATH_SEARCH_PATHS = (
					"$(inherited)",
					"@executable_path/Frameworks",
				);
				PRODUCT_BUNDLE_IDENTIFIER = com.litech.Count;
				PRODUCT_NAME = "$(TARGET_NAME)";
				SWIFT_VERSION = 4.2;
				TARGETED_DEVICE_FAMILY = "1,2";
			};
			name = Debug;
		};
		C6B49F3E2179EBF800C67BDB /* Release */ = {
			isa = XCBuildConfiguration;
			buildSettings = {
				ASSETCATALOG_COMPILER_APPICON_NAME = AppIcon;
				CODE_SIGN_STYLE = Automatic;
				DEVELOPMENT_TEAM = "";
				INFOPLIST_FILE = Count/Info.plist;
				LD_RUNPATH_SEARCH_PATHS = (
					"$(inherited)",
					"@executable_path/Frameworks",
				);
				PRODUCT_BUNDLE_IDENTIFIER = com.litech.Count;
				PRODUCT_NAME = "$(TARGET_NAME)";
				SWIFT_VERSION = 4.2;
				TARGETED_DEVICE_FAMILY = "1,2";
			};
			name = Release;
		};
		C6B49F402179EBF800C67BDB /* Debug */ = {
			isa = XCBuildConfiguration;
			buildSettings = {
				ALWAYS_EMBED_SWIFT_STANDARD_LIBRARIES = YES;
				BUNDLE_LOADER = "$(TEST_HOST)";
				CODE_SIGN_STYLE = Automatic;
				INFOPLIST_FILE = CountTests/Info.plist;
				LD_RUNPATH_SEARCH_PATHS = (
					"$(inherited)",
					"@executable_path/Frameworks",
					"@loader_path/Frameworks",
				);
				PRODUCT_BUNDLE_IDENTIFIER = com.litech.CountTests;
				PRODUCT_NAME = "$(TARGET_NAME)";
				SWIFT_VERSION = 4.2;
				TARGETED_DEVICE_FAMILY = "1,2";
				TEST_HOST = "$(BUILT_PRODUCTS_DIR)/Count.app/Count";
			};
			name = Debug;
		};
		C6B49F412179EBF800C67BDB /* Release */ = {
			isa = XCBuildConfiguration;
			buildSettings = {
				ALWAYS_EMBED_SWIFT_STANDARD_LIBRARIES = YES;
				BUNDLE_LOADER = "$(TEST_HOST)";
				CODE_SIGN_STYLE = Automatic;
				INFOPLIST_FILE = CountTests/Info.plist;
				LD_RUNPATH_SEARCH_PATHS = (
					"$(inherited)",
					"@executable_path/Frameworks",
					"@loader_path/Frameworks",
				);
				PRODUCT_BUNDLE_IDENTIFIER = com.litech.CountTests;
				PRODUCT_NAME = "$(TARGET_NAME)";
				SWIFT_VERSION = 4.2;
				TARGETED_DEVICE_FAMILY = "1,2";
				TEST_HOST = "$(BUILT_PRODUCTS_DIR)/Count.app/Count";
			};
			name = Release;
		};
		C6B49F432179EBF800C67BDB /* Debug */ = {
			isa = XCBuildConfiguration;
			buildSettings = {
				ALWAYS_EMBED_SWIFT_STANDARD_LIBRARIES = YES;
				CODE_SIGN_STYLE = Automatic;
				INFOPLIST_FILE = CountUITests/Info.plist;
				LD_RUNPATH_SEARCH_PATHS = (
					"$(inherited)",
					"@executable_path/Frameworks",
					"@loader_path/Frameworks",
				);
				PRODUCT_BUNDLE_IDENTIFIER = com.litech.CountUITests;
				PRODUCT_NAME = "$(TARGET_NAME)";
				SWIFT_VERSION = 4.2;
				TARGETED_DEVICE_FAMILY = "1,2";
				TEST_TARGET_NAME = Count;
			};
			name = Debug;
		};
		C6B49F442179EBF800C67BDB /* Release */ = {
			isa = XCBuildConfiguration;
			buildSettings = {
				ALWAYS_EMBED_SWIFT_STANDARD_LIBRARIES = YES;
				CODE_SIGN_STYLE = Automatic;
				INFOPLIST_FILE = CountUITests/Info.plist;
				LD_RUNPATH_SEARCH_PATHS = (
					"$(inherited)",
					"@executable_path/Frameworks",
					"@loader_path/Frameworks",
				);
				PRODUCT_BUNDLE_IDENTIFIER = com.litech.CountUITests;
				PRODUCT_NAME = "$(TARGET_NAME)";
				SWIFT_VERSION = 4.2;
				TARGETED_DEVICE_FAMILY = "1,2";
				TEST_TARGET_NAME = Count;
			};
			name = Release;
		};
/* End XCBuildConfiguration section */

/* Begin XCConfigurationList section */
		C6B49F0F2179EBF700C67BDB /* Build configuration list for PBXProject "Count" */ = {
			isa = XCConfigurationList;
			buildConfigurations = (
				C6B49F3A2179EBF800C67BDB /* Debug */,
				C6B49F3B2179EBF800C67BDB /* Release */,
			);
			defaultConfigurationIsVisible = 0;
			defaultConfigurationName = Release;
		};
		C6B49F3C2179EBF800C67BDB /* Build configuration list for PBXNativeTarget "Count" */ = {
			isa = XCConfigurationList;
			buildConfigurations = (
				C6B49F3D2179EBF800C67BDB /* Debug */,
				C6B49F3E2179EBF800C67BDB /* Release */,
			);
			defaultConfigurationIsVisible = 0;
			defaultConfigurationName = Release;
		};
		C6B49F3F2179EBF800C67BDB /* Build configuration list for PBXNativeTarget "CountTests" */ = {
			isa = XCConfigurationList;
			buildConfigurations = (
				C6B49F402179EBF800C67BDB /* Debug */,
				C6B49F412179EBF800C67BDB /* Release */,
			);
			defaultConfigurationIsVisible = 0;
			defaultConfigurationName = Release;
		};
		C6B49F422179EBF800C67BDB /* Build configuration list for PBXNativeTarget "CountUITests" */ = {
			isa = XCConfigurationList;
			buildConfigurations = (
				C6B49F432179EBF800C67BDB /* Debug */,
				C6B49F442179EBF800C67BDB /* Release */,
			);
			defaultConfigurationIsVisible = 0;
			defaultConfigurationName = Release;
		};
/* End XCConfigurationList section */
	};
	rootObject = C6B49F0C2179EBF700C67BDB /* Project object */;
}
